
Microsoft Visual Studio Solution File, Format Version 12.00
# Visual Studio Version 17
VisualStudioVersion = 17.13.35828.75 d17.13
MinimumVisualStudioVersion = 10.0.40219.1
Project("{FAE04EC0-301F-11D3-BF4B-00C04F79EFBC}") = "Cashtrans", "Cashtrans\Cashtrans.csproj", "{0BA3019F-E43D-4664-AA4F-68F00082CF7F}"
EndProject
Global
	GlobalSection(SolutionConfigurationPlatforms) = preSolution
		Debug|Any CPU = Debug|Any CPU
		Release|Any CPU = Release|Any CPU
	EndGlobalSection
	GlobalSection(ProjectConfigurationPlatforms) = postSolution
		{0BA3019F-E43D-4664-AA4F-68F00082CF7F}.Debug|Any CPU.ActiveCfg = Debug|Any CPU
		{0BA3019F-E43D-4664-AA4F-68F00082CF7F}.Debug|Any CPU.Build.0 = Debug|Any CPU
		{0BA3019F-E43D-4664-AA4F-68F00082CF7F}.Release|Any CPU.ActiveCfg = Release|Any CPU
		{0BA3019F-E43D-4664-AA4F-68F00082CF7F}.Release|Any CPU.Build.0 = Release|Any CPU
	EndGlobalSection
	GlobalSection(SolutionProperties) = preSolution
		HideSolutionNode = FALSE
	EndGlobalSection
	GlobalSection(ExtensibilityGlobals) = postSolution
		SolutionGuid = {10646ED5-9688-450D-A438-966F36A5515A}
	EndGlobalSection
EndGlobal
